
Microsoft Visual Studio Solution File, Format Version 12.00
# Visual Studio Version 17
VisualStudioVersion = 17.3.32819.101
MinimumVisualStudioVersion = 10.0.40219.1
Project("{FAE04EC0-301F-11D3-BF4B-00C04F79EFBC}") = "Test", "Test.csproj", "{91F2077C-D6EC-4420-9D23-67D46A8E8001}"
EndProject
Global
	GlobalSection(SolutionConfigurationPlatforms) = preSolution
		Debug|Any CPU = Debug|Any CPU
		Release|Any CPU = Release|Any CPU
	EndGlobalSection
	GlobalSection(ProjectConfigurationPlatforms) = postSolution
		{91F2077C-D6EC-4420-9D23-67D46A8E8001}.Debug|Any CPU.ActiveCfg = Debug|Any CPU
		{91F2077C-D6EC-4420-9D23-67D46A8E8001}.Debug|Any CPU.Build.0 = Debug|Any CPU
		{91F2077C-D6EC-4420-9D23-67D46A8E8001}.Release|Any CPU.ActiveCfg = Release|Any CPU
		{91F2077C-D6EC-4420-9D23-67D46A8E8001}.Release|Any CPU.Build.0 = Release|Any CPU
	EndGlobalSection
	GlobalSection(SolutionProperties) = preSolution
		HideSolutionNode = FALSE
	EndGlobalSection
	GlobalSection(ExtensibilityGlobals) = postSolution
		SolutionGuid = {E84B3A2A-8CA4-4B1B-B5E8-C9CE93B2471D}
	EndGlobalSection
EndGlobal
